PODS:
  - Bolts (1.8.4):
    - Bolts/AppLinks (= 1.8.4)
    - Bolts/Tasks (= 1.8.4)
  - Bolts/AppLinks (1.8.4):
    - Bolts/Tasks
  - Bolts/Tasks (1.8.4)
  - FBSDKCoreKit (4.29.0):
    - Bolts (~> 1.7)
  - FBSDKLoginKit (4.29.0):
    - FBSDKCoreKit
  - Nimble (7.0.3)
  - ObjectMapper (2.2.9)
  - PromiseKit (4.4.4):
    - PromiseKit/Foundation (= 4.4.4)
    - PromiseKit/QuartzCore (= 4.4.4)
    - PromiseKit/UIKit (= 4.4.4)
  - PromiseKit/CorePromise (4.4.4)
  - PromiseKit/Foundation (4.4.4):
    - PromiseKit/CorePromise
  - PromiseKit/QuartzCore (4.4.4):
    - PromiseKit/CorePromise
  - PromiseKit/UIKit (4.4.4):
    - PromiseKit/CorePromise
  - Quick (1.2.0)
  - Realm (3.0.2):
    - Realm/Headers (= 3.0.2)
  - Realm/Headers (3.0.2)
  - RealmSwift (3.0.2):
    - Realm (= 3.0.2)

DEPENDENCIES:
  - Bolts (~> 1.8.4)
  - FBSDKCoreKit (~> 4.29.0)
  - FBSDKLoginKit (~> 4.29.0)
  - Nimble (~> 7.0.0)
  - ObjectMapper (~> 2.2.9)
  - PromiseKit (~> 4.4.0)
  - Quick (~> 1.2.0)
  - RealmSwift (~> 3.0.2)

SPEC CHECKSUMS:
  Bolts: 8a7995239dbe724f9cba2248b766d48b7ebdd322
  FBSDKCoreKit: 6f139173dc63a1deaff4430a55f2fe5bb222d2af
  FBSDKLoginKit: 56a057ca6822535ea0faa25f57a7c41edb697fd4
  Nimble: 7f5a9c447a33002645a071bddafbfb24ea70e0ac
  ObjectMapper: 63cfe41bc6f8e7c8f44344c49901b8ae7de14c52
  PromiseKit: 6178219c4c7457ae90d7d8b34b7ac5eb36916519
  Quick: 58d203b1c5e27fff7229c4c1ae445ad7069a7a08
  Realm: 6f23fd1f178a09342eac21bfa7c2bf4312a7a180
  RealmSwift: 695393add1b8f9d5fa75dd16e6355cf3935f71e2

PODFILE CHECKSUM: 7ec55ddeb95aadef8750ab1f18acb740989380f1

COCOAPODS: 1.3.1
