// !$*UTF8*$!
{
	archiveVersion = 1;
	classes = {
	};
	objectVersion = 48;
	objects = {

/* Begin PBXBuildFile section */
		7508DFD11FD4760C00A62241 /* ServiceForData.swift in Sources */ = {isa = PBXBuildFile; fileRef = 7508DFD01FD4760C00A62241 /* ServiceForData.swift */; };
		752FFAAF1FCDC8E500ACA938 /* ListOfFriendsTableViewController.swift in Sources */ = {isa = PBXBuildFile; fileRef = 752FFAAE1FCDC8E500ACA938 /* ListOfFriendsTableViewController.swift */; };
		752FFAB11FCDE98C00ACA938 /* UserCell.swift in Sources */ = {isa = PBXBuildFile; fileRef = 752FFAB01FCDE98C00ACA938 /* UserCell.swift */; };
		752FFAB31FCDEDB000ACA938 /* User.swift in Sources */ = {isa = PBXBuildFile; fileRef = 752FFAB21FCDEDB000ACA938 /* User.swift */; };
		7540782C1FD1AF1900A6E01C /* FacebookSocialService.swift in Sources */ = {isa = PBXBuildFile; fileRef = 7540782B1FD1AF1900A6E01C /* FacebookSocialService.swift */; };
		75449BFD1FD59ECE00CCDB9F /* SocialService.swift in Sources */ = {isa = PBXBuildFile; fileRef = 75449BFC1FD59ECE00CCDB9F /* SocialService.swift */; };
		75449BFF1FD59FA500CCDB9F /* MockSocialService.swift in Sources */ = {isa = PBXBuildFile; fileRef = 75449BFE1FD59FA500CCDB9F /* MockSocialService.swift */; };
		7569165B1FD6A75800808890 /* LoginView.swift in Sources */ = {isa = PBXBuildFile; fileRef = 7569165A1FD6A75800808890 /* LoginView.swift */; };
		75CF4AB01FD49DF4009AE207 /* FriendsInFaceBookUITests.swift in Sources */ = {isa = PBXBuildFile; fileRef = 75CF4AAF1FD49DF4009AE207 /* FriendsInFaceBookUITests.swift */; };
		75CFFC691FCC724300D99385 /* AppDelegate.swift in Sources */ = {isa = PBXBuildFile; fileRef = 75CFFC681FCC724300D99385 /* AppDelegate.swift */; };
		75CFFC6B1FCC724300D99385 /* LoginViewController.swift in Sources */ = {isa = PBXBuildFile; fileRef = 75CFFC6A1FCC724300D99385 /* LoginViewController.swift */; };
		75CFFC6E1FCC724300D99385 /* Main.storyboard in Resources */ = {isa = PBXBuildFile; fileRef = 75CFFC6C1FCC724300D99385 /* Main.storyboard */; };
		75CFFC731FCC724300D99385 /* Assets.xcassets in Resources */ = {isa = PBXBuildFile; fileRef = 75CFFC721FCC724300D99385 /* Assets.xcassets */; };
		75CFFC761FCC724300D99385 /* LaunchScreen.storyboard in Resources */ = {isa = PBXBuildFile; fileRef = 75CFFC741FCC724300D99385 /* LaunchScreen.storyboard */; };
		75D292A71FD426110032F9BD /* Friends.swift in Sources */ = {isa = PBXBuildFile; fileRef = 75D292A61FD426110032F9BD /* Friends.swift */; };
		75D292A91FD450D70032F9BD /* Constants.swift in Sources */ = {isa = PBXBuildFile; fileRef = 75D292A81FD450D70032F9BD /* Constants.swift */; };
		75E0B9D71FDAB8AA00F0325D /* ImageDownloadServiceImpl.swift in Sources */ = {isa = PBXBuildFile; fileRef = 75E0B9D61FDAB8AA00F0325D /* ImageDownloadServiceImpl.swift */; };
		7D281C86EEE5A0432A298403 /* Pods_FriendsInFaceBookTests.framework in Frameworks */ = {isa = PBXBuildFile; fileRef = A520800E0F00C2FE3E55D560 /* Pods_FriendsInFaceBookTests.framework */; };
		83FAC2863E3FD9DDE925196D /* Pods_FriendsInFaceBookUITests.framework in Frameworks */ = {isa = PBXBuildFile; fileRef = F8C3C3507D297C3CABC1DB67 /* Pods_FriendsInFaceBookUITests.framework */; };
		D70103551FD727CB002D0E6C /* Optional+Extensions.swift in Sources */ = {isa = PBXBuildFile; fileRef = D70103541FD727CB002D0E6C /* Optional+Extensions.swift */; };
		D70103571FD73B84002D0E6C /* Functions.swift in Sources */ = {isa = PBXBuildFile; fileRef = D70103561FD73B84002D0E6C /* Functions.swift */; };
		D79BC2AF1FE2799E00F0DD87 /* ImageLoadService.swift in Sources */ = {isa = PBXBuildFile; fileRef = D79BC2AE1FE2799E00F0DD87 /* ImageLoadService.swift */; };
		D79BC2B11FE27A6900F0DD87 /* NetworkTask.swift in Sources */ = {isa = PBXBuildFile; fileRef = D79BC2B01FE27A6900F0DD87 /* NetworkTask.swift */; };
		D79BC2B41FE27E5A00F0DD87 /* NetworkService.swift in Sources */ = {isa = PBXBuildFile; fileRef = D79BC2B31FE27E5A00F0DD87 /* NetworkService.swift */; };
		D79BC2B61FE27F7500F0DD87 /* NetworkServiceImpl.swift in Sources */ = {isa = PBXBuildFile; fileRef = D79BC2B51FE27F7500F0DD87 /* NetworkServiceImpl.swift */; };
		D79BC2B91FE2845A00F0DD87 /* CancellableProperty.swift in Sources */ = {isa = PBXBuildFile; fileRef = D79BC2B81FE2845A00F0DD87 /* CancellableProperty.swift */; };
		D7AAF2221FEA6C67001E0C3B /* ImageModel.swift in Sources */ = {isa = PBXBuildFile; fileRef = D7AAF2211FEA6C67001E0C3B /* ImageModel.swift */; };
		D7AAF2241FEA6C8D001E0C3B /* ImageModelImpl.swift in Sources */ = {isa = PBXBuildFile; fileRef = D7AAF2231FEA6C8D001E0C3B /* ImageModelImpl.swift */; };
		D7AAF2281FEA7070001E0C3B /* LoadedImageModelTask.swift in Sources */ = {isa = PBXBuildFile; fileRef = D7AAF2271FEA7070001E0C3B /* LoadedImageModelTask.swift */; };
		D7AAF22A1FEA7218001E0C3B /* NSLocking+Extensions.swift in Sources */ = {isa = PBXBuildFile; fileRef = D7AAF2291FEA7218001E0C3B /* NSLocking+Extensions.swift */; };
		D7AAF22C1FEA7E1D001E0C3B /* ImageView.swift in Sources */ = {isa = PBXBuildFile; fileRef = D7AAF22B1FEA7E1D001E0C3B /* ImageView.swift */; };
		D7AAF22F1FEA8377001E0C3B /* Tuple.swift in Sources */ = {isa = PBXBuildFile; fileRef = D7AAF22E1FEA8377001E0C3B /* Tuple.swift */; };
		D7AAF2311FEA861C001E0C3B /* Reusable.swift in Sources */ = {isa = PBXBuildFile; fileRef = D7AAF2301FEA861C001E0C3B /* Reusable.swift */; };
		D7AAF2331FEA8A5C001E0C3B /* Result.swift in Sources */ = {isa = PBXBuildFile; fileRef = D7AAF2321FEA8A5C001E0C3B /* Result.swift */; };
		D7AAF2351FEA8E58001E0C3B /* PrecedenceGroups.swift in Sources */ = {isa = PBXBuildFile; fileRef = D7AAF2341FEA8E58001E0C3B /* PrecedenceGroups.swift */; };
		D7AAF2371FEA8E6B001E0C3B /* Operators.swift in Sources */ = {isa = PBXBuildFile; fileRef = D7AAF2361FEA8E6B001E0C3B /* Operators.swift */; };
		D7B5231F1FF6B6DB004FBB32 /* ResultSpec.swift in Sources */ = {isa = PBXBuildFile; fileRef = D7B5231E1FF6B6DB004FBB32 /* ResultSpec.swift */; };
		D7B523221FF6BBB3004FBB32 /* ResultMatchers.swift in Sources */ = {isa = PBXBuildFile; fileRef = D7B523211FF6BBB3004FBB32 /* ResultMatchers.swift */; };
		D7F56A261FF6B2470027A00F /* FriendsInFaceBookSpec.swift in Sources */ = {isa = PBXBuildFile; fileRef = D7F56A251FF6B2470027A00F /* FriendsInFaceBookSpec.swift */; };
		FF3B115B9D8171B438E94C2A /* Pods_FriendsInFaceBook.framework in Frameworks */ = {isa = PBXBuildFile; fileRef = 2544222C62DD6238AFC97BCF /* Pods_FriendsInFaceBook.framework */; };
/* End PBXBuildFile section */

/* Begin PBXContainerItemProxy section */
		75CF4AB21FD49DF4009AE207 /* PBXContainerItemProxy */ = {
			isa = PBXContainerItemProxy;
			containerPortal = 75CFFC5D1FCC724300D99385 /* Project object */;
			proxyType = 1;
			remoteGlobalIDString = 75CFFC641FCC724300D99385;
			remoteInfo = FriendsInFaceBook;
		};
		75CFFC7D1FCC724300D99385 /* PBXContainerItemProxy */ = {
			isa = PBXContainerItemProxy;
			containerPortal = 75CFFC5D1FCC724300D99385 /* Project object */;
			proxyType = 1;
			remoteGlobalIDString = 75CFFC641FCC724300D99385;
			remoteInfo = FriendsInFaceBook;
		};
/* End PBXContainerItemProxy section */

/* Begin PBXCopyFilesBuildPhase section */
		75C1B42E1FCDAE9200496C7E /* Embed Frameworks */ = {
			isa = PBXCopyFilesBuildPhase;
			buildActionMask = 2147483647;
			dstPath = "";
			dstSubfolderSpec = 10;
			files = (
			);
			name = "Embed Frameworks";
			runOnlyForDeploymentPostprocessing = 0;
		};
/* End PBXCopyFilesBuildPhase section */

/* Begin PBXFileReference section */
		20D56C12F58E1B53FAD60FC9 /* Pods-FriendsInFaceBookTests.tests.xcconfig */ = {isa = PBXFileReference; includeInIndex = 1; lastKnownFileType = text.xcconfig; name = "Pods-FriendsInFaceBookTests.tests.xcconfig"; path = "Pods/Target Support Files/Pods-FriendsInFaceBookTests/Pods-FriendsInFaceBookTests.tests.xcconfig"; sourceTree = "<group>"; };
		2544222C62DD6238AFC97BCF /* Pods_FriendsInFaceBook.framework */ = {isa = PBXFileReference; explicitFileType = wrapper.framework; includeInIndex = 0; path = Pods_FriendsInFaceBook.framework; sourceTree = BUILT_PRODUCTS_DIR; };
		36A7356983059FF22E368860 /* Pods-FriendsInFaceBookUITests.release.xcconfig */ = {isa = PBXFileReference; includeInIndex = 1; lastKnownFileType = text.xcconfig; name = "Pods-FriendsInFaceBookUITests.release.xcconfig"; path = "Pods/Target Support Files/Pods-FriendsInFaceBookUITests/Pods-FriendsInFaceBookUITests.release.xcconfig"; sourceTree = "<group>"; };
		7252D9723766B1FA3CF9A971 /* Pods-FriendsInFaceBookTests.release.xcconfig */ = {isa = PBXFileReference; includeInIndex = 1; lastKnownFileType = text.xcconfig; name = "Pods-FriendsInFaceBookTests.release.xcconfig"; path = "Pods/Target Support Files/Pods-FriendsInFaceBookTests/Pods-FriendsInFaceBookTests.release.xcconfig"; sourceTree = "<group>"; };
		7508DFD01FD4760C00A62241 /* ServiceForData.swift */ = {isa = PBXFileReference; lastKnownFileType = sourcecode.swift; path = ServiceForData.swift; sourceTree = "<group>"; };
		752FFAAE1FCDC8E500ACA938 /* ListOfFriendsTableViewController.swift */ = {isa = PBXFileReference; lastKnownFileType = sourcecode.swift; path = ListOfFriendsTableViewController.swift; sourceTree = "<group>"; };
		752FFAB01FCDE98C00ACA938 /* UserCell.swift */ = {isa = PBXFileReference; lastKnownFileType = sourcecode.swift; path = UserCell.swift; sourceTree = "<group>"; };
		752FFAB21FCDEDB000ACA938 /* User.swift */ = {isa = PBXFileReference; lastKnownFileType = sourcecode.swift; path = User.swift; sourceTree = "<group>"; };
		7540782B1FD1AF1900A6E01C /* FacebookSocialService.swift */ = {isa = PBXFileReference; lastKnownFileType = sourcecode.swift; path = FacebookSocialService.swift; sourceTree = "<group>"; };
		75449BFC1FD59ECE00CCDB9F /* SocialService.swift */ = {isa = PBXFileReference; lastKnownFileType = sourcecode.swift; path = SocialService.swift; sourceTree = "<group>"; };
		75449BFE1FD59FA500CCDB9F /* MockSocialService.swift */ = {isa = PBXFileReference; lastKnownFileType = sourcecode.swift; path = MockSocialService.swift; sourceTree = "<group>"; };
		7569165A1FD6A75800808890 /* LoginView.swift */ = {isa = PBXFileReference; lastKnownFileType = sourcecode.swift; path = LoginView.swift; sourceTree = "<group>"; };
		75CF4AAD1FD49DF4009AE207 /* FriendsInFaceBookUITests.xctest */ = {isa = PBXFileReference; explicitFileType = wrapper.cfbundle; includeInIndex = 0; path = FriendsInFaceBookUITests.xctest; sourceTree = BUILT_PRODUCTS_DIR; };
		75CF4AAF1FD49DF4009AE207 /* FriendsInFaceBookUITests.swift */ = {isa = PBXFileReference; lastKnownFileType = sourcecode.swift; path = FriendsInFaceBookUITests.swift; sourceTree = "<group>"; };
		75CF4AB11FD49DF4009AE207 /* Info.plist */ = {isa = PBXFileReference; lastKnownFileType = text.plist.xml; path = Info.plist; sourceTree = "<group>"; };
		75CFFC651FCC724300D99385 /* FriendsInFaceBook.app */ = {isa = PBXFileReference; explicitFileType = wrapper.application; includeInIndex = 0; path = FriendsInFaceBook.app; sourceTree = BUILT_PRODUCTS_DIR; };
		75CFFC681FCC724300D99385 /* AppDelegate.swift */ = {isa = PBXFileReference; lastKnownFileType = sourcecode.swift; path = AppDelegate.swift; sourceTree = "<group>"; };
		75CFFC6A1FCC724300D99385 /* LoginViewController.swift */ = {isa = PBXFileReference; lastKnownFileType = sourcecode.swift; path = LoginViewController.swift; sourceTree = "<group>"; };
		75CFFC6D1FCC724300D99385 /* Base */ = {isa = PBXFileReference; lastKnownFileType = file.storyboard; name = Base; path = Base.lproj/Main.storyboard; sourceTree = "<group>"; };
		75CFFC721FCC724300D99385 /* Assets.xcassets */ = {isa = PBXFileReference; lastKnownFileType = folder.assetcatalog; path = Assets.xcassets; sourceTree = "<group>"; };
		75CFFC751FCC724300D99385 /* Base */ = {isa = PBXFileReference; lastKnownFileType = file.storyboard; name = Base; path = Base.lproj/LaunchScreen.storyboard; sourceTree = "<group>"; };
		75CFFC771FCC724300D99385 /* Info.plist */ = {isa = PBXFileReference; lastKnownFileType = text.plist.xml; path = Info.plist; sourceTree = "<group>"; };
		75CFFC7C1FCC724300D99385 /* FriendsInFaceBookTests.xctest */ = {isa = PBXFileReference; explicitFileType = wrapper.cfbundle; includeInIndex = 0; path = FriendsInFaceBookTests.xctest; sourceTree = BUILT_PRODUCTS_DIR; };
		75CFFC821FCC724300D99385 /* Info.plist */ = {isa = PBXFileReference; lastKnownFileType = text.plist.xml; path = Info.plist; sourceTree = "<group>"; };
		75D292A61FD426110032F9BD /* Friends.swift */ = {isa = PBXFileReference; lastKnownFileType = sourcecode.swift; path = Friends.swift; sourceTree = "<group>"; };
		75D292A81FD450D70032F9BD /* Constants.swift */ = {isa = PBXFileReference; lastKnownFileType = sourcecode.swift; path = Constants.swift; sourceTree = "<group>"; };
		75E0B9D61FDAB8AA00F0325D /* ImageDownloadServiceImpl.swift */ = {isa = PBXFileReference; lastKnownFileType = sourcecode.swift; path = ImageDownloadServiceImpl.swift; sourceTree = "<group>"; };
		8683ED6F25628A6E1DC01F72 /* Pods-FriendsInFaceBookUITests.debug.xcconfig */ = {isa = PBXFileReference; includeInIndex = 1; lastKnownFileType = text.xcconfig; name = "Pods-FriendsInFaceBookUITests.debug.xcconfig"; path = "Pods/Target Support Files/Pods-FriendsInFaceBookUITests/Pods-FriendsInFaceBookUITests.debug.xcconfig"; sourceTree = "<group>"; };
		9C9395B6D38AAC7F2E11E093 /* Pods-FriendsInFaceBookUITests.tests.xcconfig */ = {isa = PBXFileReference; includeInIndex = 1; lastKnownFileType = text.xcconfig; name = "Pods-FriendsInFaceBookUITests.tests.xcconfig"; path = "Pods/Target Support Files/Pods-FriendsInFaceBookUITests/Pods-FriendsInFaceBookUITests.tests.xcconfig"; sourceTree = "<group>"; };
		A520800E0F00C2FE3E55D560 /* Pods_FriendsInFaceBookTests.framework */ = {isa = PBXFileReference; explicitFileType = wrapper.framework; includeInIndex = 0; path = Pods_FriendsInFaceBookTests.framework; sourceTree = BUILT_PRODUCTS_DIR; };
		AE8518735529BC33C942DDEF /* Pods-FriendsInFaceBookTests.debug.xcconfig */ = {isa = PBXFileReference; includeInIndex = 1; lastKnownFileType = text.xcconfig; name = "Pods-FriendsInFaceBookTests.debug.xcconfig"; path = "Pods/Target Support Files/Pods-FriendsInFaceBookTests/Pods-FriendsInFaceBookTests.debug.xcconfig"; sourceTree = "<group>"; };
		B830D96C057C55D043C281A4 /* Pods-FriendsInFaceBook.release.xcconfig */ = {isa = PBXFileReference; includeInIndex = 1; lastKnownFileType = text.xcconfig; name = "Pods-FriendsInFaceBook.release.xcconfig"; path = "Pods/Target Support Files/Pods-FriendsInFaceBook/Pods-FriendsInFaceBook.release.xcconfig"; sourceTree = "<group>"; };
		D70103541FD727CB002D0E6C /* Optional+Extensions.swift */ = {isa = PBXFileReference; lastKnownFileType = sourcecode.swift; path = "Optional+Extensions.swift"; sourceTree = "<group>"; };
		D70103561FD73B84002D0E6C /* Functions.swift */ = {isa = PBXFileReference; lastKnownFileType = sourcecode.swift; path = Functions.swift; sourceTree = "<group>"; };
		D79BC2AE1FE2799E00F0DD87 /* ImageLoadService.swift */ = {isa = PBXFileReference; lastKnownFileType = sourcecode.swift; path = ImageLoadService.swift; sourceTree = "<group>"; };
		D79BC2B01FE27A6900F0DD87 /* NetworkTask.swift */ = {isa = PBXFileReference; lastKnownFileType = sourcecode.swift; path = NetworkTask.swift; sourceTree = "<group>"; };
		D79BC2B31FE27E5A00F0DD87 /* NetworkService.swift */ = {isa = PBXFileReference; lastKnownFileType = sourcecode.swift; path = NetworkService.swift; sourceTree = "<group>"; };
		D79BC2B51FE27F7500F0DD87 /* NetworkServiceImpl.swift */ = {isa = PBXFileReference; lastKnownFileType = sourcecode.swift; path = NetworkServiceImpl.swift; sourceTree = "<group>"; };
		D79BC2B81FE2845A00F0DD87 /* CancellableProperty.swift */ = {isa = PBXFileReference; lastKnownFileType = sourcecode.swift; path = CancellableProperty.swift; sourceTree = "<group>"; };
		D7AAF2211FEA6C67001E0C3B /* ImageModel.swift */ = {isa = PBXFileReference; lastKnownFileType = sourcecode.swift; path = ImageModel.swift; sourceTree = "<group>"; };
		D7AAF2231FEA6C8D001E0C3B /* ImageModelImpl.swift */ = {isa = PBXFileReference; lastKnownFileType = sourcecode.swift; path = ImageModelImpl.swift; sourceTree = "<group>"; };
		D7AAF2271FEA7070001E0C3B /* LoadedImageModelTask.swift */ = {isa = PBXFileReference; lastKnownFileType = sourcecode.swift; path = LoadedImageModelTask.swift; sourceTree = "<group>"; };
		D7AAF2291FEA7218001E0C3B /* NSLocking+Extensions.swift */ = {isa = PBXFileReference; lastKnownFileType = sourcecode.swift; path = "NSLocking+Extensions.swift"; sourceTree = "<group>"; };
		D7AAF22B1FEA7E1D001E0C3B /* ImageView.swift */ = {isa = PBXFileReference; lastKnownFileType = sourcecode.swift; path = ImageView.swift; sourceTree = "<group>"; };
		D7AAF22E1FEA8377001E0C3B /* Tuple.swift */ = {isa = PBXFileReference; lastKnownFileType = sourcecode.swift; path = Tuple.swift; sourceTree = "<group>"; };
		D7AAF2301FEA861C001E0C3B /* Reusable.swift */ = {isa = PBXFileReference; lastKnownFileType = sourcecode.swift; path = Reusable.swift; sourceTree = "<group>"; };
		D7AAF2321FEA8A5C001E0C3B /* Result.swift */ = {isa = PBXFileReference; lastKnownFileType = sourcecode.swift; path = Result.swift; sourceTree = "<group>"; };
		D7AAF2341FEA8E58001E0C3B /* PrecedenceGroups.swift */ = {isa = PBXFileReference; lastKnownFileType = sourcecode.swift; path = PrecedenceGroups.swift; sourceTree = "<group>"; };
		D7AAF2361FEA8E6B001E0C3B /* Operators.swift */ = {isa = PBXFileReference; lastKnownFileType = sourcecode.swift; path = Operators.swift; sourceTree = "<group>"; };
		D7B5231E1FF6B6DB004FBB32 /* ResultSpec.swift */ = {isa = PBXFileReference; lastKnownFileType = sourcecode.swift; path = ResultSpec.swift; sourceTree = "<group>"; };
		D7B523211FF6BBB3004FBB32 /* ResultMatchers.swift */ = {isa = PBXFileReference; lastKnownFileType = sourcecode.swift; path = ResultMatchers.swift; sourceTree = "<group>"; };
		D7F56A251FF6B2470027A00F /* FriendsInFaceBookSpec.swift */ = {isa = PBXFileReference; lastKnownFileType = sourcecode.swift; path = FriendsInFaceBookSpec.swift; sourceTree = "<group>"; };
		E5FE25772037D324AAA5D0AF /* Pods-FriendsInFaceBook.tests.xcconfig */ = {isa = PBXFileReference; includeInIndex = 1; lastKnownFileType = text.xcconfig; name = "Pods-FriendsInFaceBook.tests.xcconfig"; path = "Pods/Target Support Files/Pods-FriendsInFaceBook/Pods-FriendsInFaceBook.tests.xcconfig"; sourceTree = "<group>"; };
		EBEB17416ADCEBEEA8B08001 /* Pods-FriendsInFaceBook.debug.xcconfig */ = {isa = PBXFileReference; includeInIndex = 1; lastKnownFileType = text.xcconfig; name = "Pods-FriendsInFaceBook.debug.xcconfig"; path = "Pods/Target Support Files/Pods-FriendsInFaceBook/Pods-FriendsInFaceBook.debug.xcconfig"; sourceTree = "<group>"; };
		F8C3C3507D297C3CABC1DB67 /* Pods_FriendsInFaceBookUITests.framework */ = {isa = PBXFileReference; explicitFileType = wrapper.framework; includeInIndex = 0; path = Pods_FriendsInFaceBookUITests.framework; sourceTree = BUILT_PRODUCTS_DIR; };
/* End PBXFileReference section */

/* Begin PBXFrameworksBuildPhase section */
		75CF4AAA1FD49DF4009AE207 /* Frameworks */ = {
			isa = PBXFrameworksBuildPhase;
			buildActionMask = 2147483647;
			files = (
				83FAC2863E3FD9DDE925196D /* Pods_FriendsInFaceBookUITests.framework in Frameworks */,
			);
			runOnlyForDeploymentPostprocessing = 0;
		};
		75CFFC621FCC724300D99385 /* Frameworks */ = {
			isa = PBXFrameworksBuildPhase;
			buildActionMask = 2147483647;
			files = (
				FF3B115B9D8171B438E94C2A /* Pods_FriendsInFaceBook.framework in Frameworks */,
			);
			runOnlyForDeploymentPostprocessing = 0;
		};
		75CFFC791FCC724300D99385 /* Frameworks */ = {
			isa = PBXFrameworksBuildPhase;
			buildActionMask = 2147483647;
			files = (
				7D281C86EEE5A0432A298403 /* Pods_FriendsInFaceBookTests.framework in Frameworks */,
			);
			runOnlyForDeploymentPostprocessing = 0;
		};
/* End PBXFrameworksBuildPhase section */

/* Begin PBXGroup section */
		7577A2671FD5E2020082F9A8 /* Cells */ = {
			isa = PBXGroup;
			children = (
				752FFAB01FCDE98C00ACA938 /* UserCell.swift */,
			);
			path = Cells;
			sourceTree = "<group>";
		};
		7577A2681FD5E2740082F9A8 /* Staff */ = {
			isa = PBXGroup;
			children = (
				75CFFC721FCC724300D99385 /* Assets.xcassets */,
				75CFFC681FCC724300D99385 /* AppDelegate.swift */,
				75D292A81FD450D70032F9BD /* Constants.swift */,
			);
			path = Staff;
			sourceTree = "<group>";
		};
		757BAC721FD5B65B004FDD82 /* Models */ = {
			isa = PBXGroup;
			children = (
				D7AAF2201FEA6C59001E0C3B /* ImageModel */,
				752FFAB21FCDEDB000ACA938 /* User.swift */,
				75D292A61FD426110032F9BD /* Friends.swift */,
			);
			path = Models;
			sourceTree = "<group>";
		};
		757BAC731FD5B667004FDD82 /* Views */ = {
			isa = PBXGroup;
			children = (
				7569165A1FD6A75800808890 /* LoginView.swift */,
				D7AAF22B1FEA7E1D001E0C3B /* ImageView.swift */,
				D7AAF2301FEA861C001E0C3B /* Reusable.swift */,
			);
			path = Views;
			sourceTree = "<group>";
		};
		757BAC741FD5B66D004FDD82 /* Controllers */ = {
			isa = PBXGroup;
			children = (
				752FFAAE1FCDC8E500ACA938 /* ListOfFriendsTableViewController.swift */,
				75CFFC6A1FCC724300D99385 /* LoginViewController.swift */,
			);
			path = Controllers;
			sourceTree = "<group>";
		};
		757BAC751FD5B6A8004FDD82 /* Services */ = {
			isa = PBXGroup;
			children = (
				D79BC2B21FE27DC500F0DD87 /* NetworkService */,
				D79BC2AD1FE2777300F0DD87 /* ImageDownloadService */,
				7508DFD01FD4760C00A62241 /* ServiceForData.swift */,
				7540782B1FD1AF1900A6E01C /* FacebookSocialService.swift */,
				75449BFC1FD59ECE00CCDB9F /* SocialService.swift */,
				75449BFE1FD59FA500CCDB9F /* MockSocialService.swift */,
			);
			path = Services;
			sourceTree = "<group>";
		};
		75CF4AAE1FD49DF4009AE207 /* FriendsInFaceBookUITests */ = {
			isa = PBXGroup;
			children = (
				75CF4AAF1FD49DF4009AE207 /* FriendsInFaceBookUITests.swift */,
				75CF4AB11FD49DF4009AE207 /* Info.plist */,
			);
			path = FriendsInFaceBookUITests;
			sourceTree = "<group>";
		};
		75CFFC5C1FCC724300D99385 = {
			isa = PBXGroup;
			children = (
				75CFFC671FCC724300D99385 /* FriendsInFaceBook */,
				75CFFC7F1FCC724300D99385 /* FriendsInFaceBookTests */,
				75CF4AAE1FD49DF4009AE207 /* FriendsInFaceBookUITests */,
				75CFFC661FCC724300D99385 /* Products */,
				75CFFC8B1FCC766700D99385 /* Frameworks */,
				984DB39C3889BCED9EBEEE5E /* Pods */,
			);
			sourceTree = "<group>";
		};
		75CFFC661FCC724300D99385 /* Products */ = {
			isa = PBXGroup;
			children = (
				75CFFC651FCC724300D99385 /* FriendsInFaceBook.app */,
				75CFFC7C1FCC724300D99385 /* FriendsInFaceBookTests.xctest */,
				75CF4AAD1FD49DF4009AE207 /* FriendsInFaceBookUITests.xctest */,
			);
			name = Products;
			sourceTree = "<group>";
		};
		75CFFC671FCC724300D99385 /* FriendsInFaceBook */ = {
			isa = PBXGroup;
			children = (
				D70103521FD727AB002D0E6C /* Library */,
				7577A2681FD5E2740082F9A8 /* Staff */,
				7577A2671FD5E2020082F9A8 /* Cells */,
				757BAC751FD5B6A8004FDD82 /* Services */,
				757BAC741FD5B66D004FDD82 /* Controllers */,
				757BAC731FD5B667004FDD82 /* Views */,
				757BAC721FD5B65B004FDD82 /* Models */,
				75CFFC6C1FCC724300D99385 /* Main.storyboard */,
				75CFFC771FCC724300D99385 /* Info.plist */,
				75CFFC741FCC724300D99385 /* LaunchScreen.storyboard */,
			);
			path = FriendsInFaceBook;
			sourceTree = "<group>";
		};
		75CFFC7F1FCC724300D99385 /* FriendsInFaceBookTests */ = {
			isa = PBXGroup;
			children = (
				D7B523201FF6BBA1004FBB32 /* Matchers */,
				D7F56A241FF6B1FE0027A00F /* Specs */,
				75CFFC821FCC724300D99385 /* Info.plist */,
			);
			path = FriendsInFaceBookTests;
			sourceTree = "<group>";
		};
		75CFFC8B1FCC766700D99385 /* Frameworks */ = {
			isa = PBXGroup;
			children = (
				2544222C62DD6238AFC97BCF /* Pods_FriendsInFaceBook.framework */,
				A520800E0F00C2FE3E55D560 /* Pods_FriendsInFaceBookTests.framework */,
				F8C3C3507D297C3CABC1DB67 /* Pods_FriendsInFaceBookUITests.framework */,
			);
			name = Frameworks;
			sourceTree = "<group>";
		};
		984DB39C3889BCED9EBEEE5E /* Pods */ = {
			isa = PBXGroup;
			children = (
				EBEB17416ADCEBEEA8B08001 /* Pods-FriendsInFaceBook.debug.xcconfig */,
				E5FE25772037D324AAA5D0AF /* Pods-FriendsInFaceBook.tests.xcconfig */,
				B830D96C057C55D043C281A4 /* Pods-FriendsInFaceBook.release.xcconfig */,
				AE8518735529BC33C942DDEF /* Pods-FriendsInFaceBookTests.debug.xcconfig */,
				20D56C12F58E1B53FAD60FC9 /* Pods-FriendsInFaceBookTests.tests.xcconfig */,
				7252D9723766B1FA3CF9A971 /* Pods-FriendsInFaceBookTests.release.xcconfig */,
				8683ED6F25628A6E1DC01F72 /* Pods-FriendsInFaceBookUITests.debug.xcconfig */,
				9C9395B6D38AAC7F2E11E093 /* Pods-FriendsInFaceBookUITests.tests.xcconfig */,
				36A7356983059FF22E368860 /* Pods-FriendsInFaceBookUITests.release.xcconfig */,
			);
			name = Pods;
			sourceTree = "<group>";
		};
		D70103521FD727AB002D0E6C /* Library */ = {
			isa = PBXGroup;
			children = (
				D7AAF22D1FEA8369001E0C3B /* Functions */,
				D79BC2B71FE2844700F0DD87 /* Types */,
				D70103531FD727B8002D0E6C /* Extensions */,
			);
			path = Library;
			sourceTree = "<group>";
		};
		D70103531FD727B8002D0E6C /* Extensions */ = {
			isa = PBXGroup;
			children = (
				D70103541FD727CB002D0E6C /* Optional+Extensions.swift */,
				D7AAF2291FEA7218001E0C3B /* NSLocking+Extensions.swift */,
			);
			path = Extensions;
			sourceTree = "<group>";
		};
		D79BC2AD1FE2777300F0DD87 /* ImageDownloadService */ = {
			isa = PBXGroup;
			children = (
				75E0B9D61FDAB8AA00F0325D /* ImageDownloadServiceImpl.swift */,
				D79BC2AE1FE2799E00F0DD87 /* ImageLoadService.swift */,
			);
			path = ImageDownloadService;
			sourceTree = "<group>";
		};
		D79BC2B21FE27DC500F0DD87 /* NetworkService */ = {
			isa = PBXGroup;
			children = (
				D79BC2B31FE27E5A00F0DD87 /* NetworkService.swift */,
				D79BC2B01FE27A6900F0DD87 /* NetworkTask.swift */,
				D79BC2B51FE27F7500F0DD87 /* NetworkServiceImpl.swift */,
			);
			path = NetworkService;
			sourceTree = "<group>";
		};
		D79BC2B71FE2844700F0DD87 /* Types */ = {
			isa = PBXGroup;
			children = (
				D79BC2B81FE2845A00F0DD87 /* CancellableProperty.swift */,
				D7AAF2321FEA8A5C001E0C3B /* Result.swift */,
			);
			path = Types;
			sourceTree = "<group>";
		};
		D7AAF2201FEA6C59001E0C3B /* ImageModel */ = {
			isa = PBXGroup;
			children = (
				D7AAF2211FEA6C67001E0C3B /* ImageModel.swift */,
				D7AAF2231FEA6C8D001E0C3B /* ImageModelImpl.swift */,
				D7AAF2271FEA7070001E0C3B /* LoadedImageModelTask.swift */,
			);
			path = ImageModel;
			sourceTree = "<group>";
		};
		D7AAF22D1FEA8369001E0C3B /* Functions */ = {
			isa = PBXGroup;
			children = (
				D7AAF22E1FEA8377001E0C3B /* Tuple.swift */,
				D7AAF2341FEA8E58001E0C3B /* PrecedenceGroups.swift */,
				D70103561FD73B84002D0E6C /* Functions.swift */,
				D7AAF2361FEA8E6B001E0C3B /* Operators.swift */,
			);
			path = Functions;
			sourceTree = "<group>";
		};
		D7B523201FF6BBA1004FBB32 /* Matchers */ = {
			isa = PBXGroup;
			children = (
				D7B523211FF6BBB3004FBB32 /* ResultMatchers.swift */,
			);
			path = Matchers;
			sourceTree = "<group>";
		};
		D7C9DAB51FF6B67A000B5E80 /* Library */ = {
			isa = PBXGroup;
			children = (
				D7C9DAB61FF6B683000B5E80 /* Types */,
			);
			path = Library;
			sourceTree = "<group>";
		};
		D7C9DAB61FF6B683000B5E80 /* Types */ = {
			isa = PBXGroup;
			children = (
				D7B5231E1FF6B6DB004FBB32 /* ResultSpec.swift */,
			);
			path = Types;
			sourceTree = "<group>";
		};
		D7F56A241FF6B1FE0027A00F /* Specs */ = {
			isa = PBXGroup;
			children = (
				D7C9DAB51FF6B67A000B5E80 /* Library */,
				D7F56A251FF6B2470027A00F /* FriendsInFaceBookSpec.swift */,
			);
			path = Specs;
			sourceTree = "<group>";
		};
/* End PBXGroup section */

/* Begin PBXNativeTarget section */
		75CF4AAC1FD49DF4009AE207 /* FriendsInFaceBookUITests */ = {
			isa = PBXNativeTarget;
			buildConfigurationList = 75CF4AB61FD49DF4009AE207 /* Build configuration list for PBXNativeTarget "FriendsInFaceBookUITests" */;
			buildPhases = (
				4B4A42805D9735744AEFA86E /* [CP] Check Pods Manifest.lock */,
				75CF4AA91FD49DF4009AE207 /* Sources */,
				75CF4AAA1FD49DF4009AE207 /* Frameworks */,
				75CF4AAB1FD49DF4009AE207 /* Resources */,
				B2497A49C83E1AAAE2E670F4 /* [CP] Embed Pods Frameworks */,
				5F5454647B72D154266E01EE /* [CP] Copy Pods Resources */,
			);
			buildRules = (
			);
			dependencies = (
				75CF4AB31FD49DF4009AE207 /* PBXTargetDependency */,
			);
			name = FriendsInFaceBookUITests;
			productName = FriendsInFaceBookUITests;
			productReference = 75CF4AAD1FD49DF4009AE207 /* FriendsInFaceBookUITests.xctest */;
			productType = "com.apple.product-type.bundle.ui-testing";
		};
		75CFFC641FCC724300D99385 /* FriendsInFaceBook */ = {
			isa = PBXNativeTarget;
			buildConfigurationList = 75CFFC851FCC724300D99385 /* Build configuration list for PBXNativeTarget "FriendsInFaceBook" */;
			buildPhases = (
				D9BD4CBC697644D05E2ACD1C /* [CP] Check Pods Manifest.lock */,
				75CFFC611FCC724300D99385 /* Sources */,
				75CFFC621FCC724300D99385 /* Frameworks */,
				75CFFC631FCC724300D99385 /* Resources */,
				75C1B42E1FCDAE9200496C7E /* Embed Frameworks */,
				61F4155D5DA5EFAA2EAB69EF /* [CP] Embed Pods Frameworks */,
				012F7CDA0BBEB719A03B3C03 /* [CP] Copy Pods Resources */,
			);
			buildRules = (
			);
			dependencies = (
			);
			name = FriendsInFaceBook;
			productName = FriendsInFaceBook;
			productReference = 75CFFC651FCC724300D99385 /* FriendsInFaceBook.app */;
			productType = "com.apple.product-type.application";
		};
		75CFFC7B1FCC724300D99385 /* FriendsInFaceBookTests */ = {
			isa = PBXNativeTarget;
			buildConfigurationList = 75CFFC881FCC724300D99385 /* Build configuration list for PBXNativeTarget "FriendsInFaceBookTests" */;
			buildPhases = (
				2232FDDE47F94C7B4D14D3E3 /* [CP] Check Pods Manifest.lock */,
				75CFFC781FCC724300D99385 /* Sources */,
				75CFFC791FCC724300D99385 /* Frameworks */,
				75CFFC7A1FCC724300D99385 /* Resources */,
				16D49C6BA09DC2B547FA0D01 /* [CP] Embed Pods Frameworks */,
				8EB6A280DB8C70870AEEB659 /* [CP] Copy Pods Resources */,
			);
			buildRules = (
			);
			dependencies = (
				75CFFC7E1FCC724300D99385 /* PBXTargetDependency */,
			);
			name = FriendsInFaceBookTests;
			productName = FriendsInFaceBookTests;
			productReference = 75CFFC7C1FCC724300D99385 /* FriendsInFaceBookTests.xctest */;
			productType = "com.apple.product-type.bundle.unit-test";
		};
/* End PBXNativeTarget section */

/* Begin PBXProject section */
		75CFFC5D1FCC724300D99385 /* Project object */ = {
			isa = PBXProject;
			attributes = {
				LastSwiftUpdateCheck = 0910;
				LastUpgradeCheck = 0910;
				ORGANIZATIONNAME = "Victoria Kravets";
				TargetAttributes = {
					75CF4AAC1FD49DF4009AE207 = {
						CreatedOnToolsVersion = 9.1;
						ProvisioningStyle = Automatic;
						TestTargetID = 75CFFC641FCC724300D99385;
					};
					75CFFC641FCC724300D99385 = {
						CreatedOnToolsVersion = 9.1;
						ProvisioningStyle = Automatic;
					};
					75CFFC7B1FCC724300D99385 = {
						CreatedOnToolsVersion = 9.1;
						LastSwiftMigration = 0920;
						ProvisioningStyle = Automatic;
						TestTargetID = 75CFFC641FCC724300D99385;
					};
				};
			};
			buildConfigurationList = 75CFFC601FCC724300D99385 /* Build configuration list for PBXProject "FriendsInFaceBook" */;
			compatibilityVersion = "Xcode 8.0";
			developmentRegion = en;
			hasScannedForEncodings = 0;
			knownRegions = (
				en,
				Base,
			);
			mainGroup = 75CFFC5C1FCC724300D99385;
			productRefGroup = 75CFFC661FCC724300D99385 /* Products */;
			projectDirPath = "";
			projectRoot = "";
			targets = (
				75CFFC641FCC724300D99385 /* FriendsInFaceBook */,
				75CFFC7B1FCC724300D99385 /* FriendsInFaceBookTests */,
				75CF4AAC1FD49DF4009AE207 /* FriendsInFaceBookUITests */,
			);
		};
/* End PBXProject section */

/* Begin PBXResourcesBuildPhase section */
		75CF4AAB1FD49DF4009AE207 /* Resources */ = {
			isa = PBXResourcesBuildPhase;
			buildActionMask = 2147483647;
			files = (
			);
			runOnlyForDeploymentPostprocessing = 0;
		};
		75CFFC631FCC724300D99385 /* Resources */ = {
			isa = PBXResourcesBuildPhase;
			buildActionMask = 2147483647;
			files = (
				75CFFC761FCC724300D99385 /* LaunchScreen.storyboard in Resources */,
				75CFFC731FCC724300D99385 /* Assets.xcassets in Resources */,
				75CFFC6E1FCC724300D99385 /* Main.storyboard in Resources */,
			);
			runOnlyForDeploymentPostprocessing = 0;
		};
		75CFFC7A1FCC724300D99385 /* Resources */ = {
			isa = PBXResourcesBuildPhase;
			buildActionMask = 2147483647;
			files = (
			);
			runOnlyForDeploymentPostprocessing = 0;
		};
/* End PBXResourcesBuildPhase section */

/* Begin PBXShellScriptBuildPhase section */
		012F7CDA0BBEB719A03B3C03 /* [CP] Copy Pods Resources */ = {
			isa = PBXShellScriptBuildPhase;
			buildActionMask = 2147483647;
			files = (
			);
			inputPaths = (
			);
			name = "[CP] Copy Pods Resources";
			outputPaths = (
			);
			runOnlyForDeploymentPostprocessing = 0;
			shellPath = /bin/sh;
			shellScript = "\"${SRCROOT}/Pods/Target Support Files/Pods-FriendsInFaceBook/Pods-FriendsInFaceBook-resources.sh\"\n";
			showEnvVarsInLog = 0;
		};
		16D49C6BA09DC2B547FA0D01 /* [CP] Embed Pods Frameworks */ = {
			isa = PBXShellScriptBuildPhase;
			buildActionMask = 2147483647;
			files = (
			);
			inputPaths = (
				"${SRCROOT}/Pods/Target Support Files/Pods-FriendsInFaceBookTests/Pods-FriendsInFaceBookTests-frameworks.sh",
				"${BUILT_PRODUCTS_DIR}/Bolts/Bolts.framework",
				"${BUILT_PRODUCTS_DIR}/FBSDKCoreKit/FBSDKCoreKit.framework",
				"${BUILT_PRODUCTS_DIR}/FBSDKLoginKit/FBSDKLoginKit.framework",
				"${BUILT_PRODUCTS_DIR}/ObjectMapper/ObjectMapper.framework",
				"${BUILT_PRODUCTS_DIR}/PromiseKit/PromiseKit.framework",
				"${BUILT_PRODUCTS_DIR}/Realm/Realm.framework",
				"${BUILT_PRODUCTS_DIR}/RealmSwift/RealmSwift.framework",
				"${BUILT_PRODUCTS_DIR}/Nimble/Nimble.framework",
				"${BUILT_PRODUCTS_DIR}/Quick/Quick.framework",
			);
			name = "[CP] Embed Pods Frameworks";
			outputPaths = (
				"${TARGET_BUILD_DIR}/${FRAMEWORKS_FOLDER_PATH}/Bolts.framework",
				"${TARGET_BUILD_DIR}/${FRAMEWORKS_FOLDER_PATH}/FBSDKCoreKit.framework",
				"${TARGET_BUILD_DIR}/${FRAMEWORKS_FOLDER_PATH}/FBSDKLoginKit.framework",
				"${TARGET_BUILD_DIR}/${FRAMEWORKS_FOLDER_PATH}/ObjectMapper.framework",
				"${TARGET_BUILD_DIR}/${FRAMEWORKS_FOLDER_PATH}/PromiseKit.framework",
				"${TARGET_BUILD_DIR}/${FRAMEWORKS_FOLDER_PATH}/Realm.framework",
				"${TARGET_BUILD_DIR}/${FRAMEWORKS_FOLDER_PATH}/RealmSwift.framework",
				"${TARGET_BUILD_DIR}/${FRAMEWORKS_FOLDER_PATH}/Nimble.framework",
				"${TARGET_BUILD_DIR}/${FRAMEWORKS_FOLDER_PATH}/Quick.framework",
			);
			runOnlyForDeploymentPostprocessing = 0;
			shellPath = /bin/sh;
			shellScript = "\"${SRCROOT}/Pods/Target Support Files/Pods-FriendsInFaceBookTests/Pods-FriendsInFaceBookTests-frameworks.sh\"\n";
			showEnvVarsInLog = 0;
		};
		2232FDDE47F94C7B4D14D3E3 /* [CP] Check Pods Manifest.lock */ = {
			isa = PBXShellScriptBuildPhase;
			buildActionMask = 2147483647;
			files = (
			);
			inputPaths = (
				"${PODS_PODFILE_DIR_PATH}/Podfile.lock",
				"${PODS_ROOT}/Manifest.lock",
			);
			name = "[CP] Check Pods Manifest.lock";
			outputPaths = (
				"$(DERIVED_FILE_DIR)/Pods-FriendsInFaceBookTests-checkManifestLockResult.txt",
			);
			runOnlyForDeploymentPostprocessing = 0;
			shellPath = /bin/sh;
			shellScript = "diff \"${PODS_PODFILE_DIR_PATH}/Podfile.lock\" \"${PODS_ROOT}/Manifest.lock\" > /dev/null\nif [ $? != 0 ] ; then\n    # print error to STDERR\n    echo \"error: The sandbox is not in sync with the Podfile.lock. Run 'pod install' or update your CocoaPods installation.\" >&2\n    exit 1\nfi\n# This output is used by Xcode 'outputs' to avoid re-running this script phase.\necho \"SUCCESS\" > \"${SCRIPT_OUTPUT_FILE_0}\"\n";
			showEnvVarsInLog = 0;
		};
		4B4A42805D9735744AEFA86E /* [CP] Check Pods Manifest.lock */ = {
			isa = PBXShellScriptBuildPhase;
			buildActionMask = 2147483647;
			files = (
			);
			inputPaths = (
				"${PODS_PODFILE_DIR_PATH}/Podfile.lock",
				"${PODS_ROOT}/Manifest.lock",
			);
			name = "[CP] Check Pods Manifest.lock";
			outputPaths = (
				"$(DERIVED_FILE_DIR)/Pods-FriendsInFaceBookUITests-checkManifestLockResult.txt",
			);
			runOnlyForDeploymentPostprocessing = 0;
			shellPath = /bin/sh;
			shellScript = "diff \"${PODS_PODFILE_DIR_PATH}/Podfile.lock\" \"${PODS_ROOT}/Manifest.lock\" > /dev/null\nif [ $? != 0 ] ; then\n    # print error to STDERR\n    echo \"error: The sandbox is not in sync with the Podfile.lock. Run 'pod install' or update your CocoaPods installation.\" >&2\n    exit 1\nfi\n# This output is used by Xcode 'outputs' to avoid re-running this script phase.\necho \"SUCCESS\" > \"${SCRIPT_OUTPUT_FILE_0}\"\n";
			showEnvVarsInLog = 0;
		};
		5F5454647B72D154266E01EE /* [CP] Copy Pods Resources */ = {
			isa = PBXShellScriptBuildPhase;
			buildActionMask = 2147483647;
			files = (
			);
			inputPaths = (
			);
			name = "[CP] Copy Pods Resources";
			outputPaths = (
			);
			runOnlyForDeploymentPostprocessing = 0;
			shellPath = /bin/sh;
			shellScript = "\"${SRCROOT}/Pods/Target Support Files/Pods-FriendsInFaceBookUITests/Pods-FriendsInFaceBookUITests-resources.sh\"\n";
			showEnvVarsInLog = 0;
		};
		61F4155D5DA5EFAA2EAB69EF /* [CP] Embed Pods Frameworks */ = {
			isa = PBXShellScriptBuildPhase;
			buildActionMask = 2147483647;
			files = (
			);
			inputPaths = (
				"${SRCROOT}/Pods/Target Support Files/Pods-FriendsInFaceBook/Pods-FriendsInFaceBook-frameworks.sh",
				"${BUILT_PRODUCTS_DIR}/Bolts/Bolts.framework",
				"${BUILT_PRODUCTS_DIR}/FBSDKCoreKit/FBSDKCoreKit.framework",
				"${BUILT_PRODUCTS_DIR}/FBSDKLoginKit/FBSDKLoginKit.framework",
				"${BUILT_PRODUCTS_DIR}/ObjectMapper/ObjectMapper.framework",
				"${BUILT_PRODUCTS_DIR}/PromiseKit/PromiseKit.framework",
				"${BUILT_PRODUCTS_DIR}/Realm/Realm.framework",
				"${BUILT_PRODUCTS_DIR}/RealmSwift/RealmSwift.framework",
			);
			name = "[CP] Embed Pods Frameworks";
			outputPaths = (
				"${TARGET_BUILD_DIR}/${FRAMEWORKS_FOLDER_PATH}/Bolts.framework",
				"${TARGET_BUILD_DIR}/${FRAMEWORKS_FOLDER_PATH}/FBSDKCoreKit.framework",
				"${TARGET_BUILD_DIR}/${FRAMEWORKS_FOLDER_PATH}/FBSDKLoginKit.framework",
				"${TARGET_BUILD_DIR}/${FRAMEWORKS_FOLDER_PATH}/ObjectMapper.framework",
				"${TARGET_BUILD_DIR}/${FRAMEWORKS_FOLDER_PATH}/PromiseKit.framework",
				"${TARGET_BUILD_DIR}/${FRAMEWORKS_FOLDER_PATH}/Realm.framework",
				"${TARGET_BUILD_DIR}/${FRAMEWORKS_FOLDER_PATH}/RealmSwift.framework",
			);
			runOnlyForDeploymentPostprocessing = 0;
			shellPath = /bin/sh;
			shellScript = "\"${SRCROOT}/Pods/Target Support Files/Pods-FriendsInFaceBook/Pods-FriendsInFaceBook-frameworks.sh\"\n";
			showEnvVarsInLog = 0;
		};
		8EB6A280DB8C70870AEEB659 /* [CP] Copy Pods Resources */ = {
			isa = PBXShellScriptBuildPhase;
			buildActionMask = 2147483647;
			files = (
			);
			inputPaths = (
			);
			name = "[CP] Copy Pods Resources";
			outputPaths = (
			);
			runOnlyForDeploymentPostprocessing = 0;
			shellPath = /bin/sh;
			shellScript = "\"${SRCROOT}/Pods/Target Support Files/Pods-FriendsInFaceBookTests/Pods-FriendsInFaceBookTests-resources.sh\"\n";
			showEnvVarsInLog = 0;
		};
		B2497A49C83E1AAAE2E670F4 /* [CP] Embed Pods Frameworks */ = {
			isa = PBXShellScriptBuildPhase;
			buildActionMask = 2147483647;
			files = (
			);
			inputPaths = (
				"${SRCROOT}/Pods/Target Support Files/Pods-FriendsInFaceBookUITests/Pods-FriendsInFaceBookUITests-frameworks.sh",
				"${BUILT_PRODUCTS_DIR}/Bolts/Bolts.framework",
				"${BUILT_PRODUCTS_DIR}/FBSDKCoreKit/FBSDKCoreKit.framework",
				"${BUILT_PRODUCTS_DIR}/FBSDKLoginKit/FBSDKLoginKit.framework",
				"${BUILT_PRODUCTS_DIR}/ObjectMapper/ObjectMapper.framework",
				"${BUILT_PRODUCTS_DIR}/PromiseKit/PromiseKit.framework",
				"${BUILT_PRODUCTS_DIR}/Realm/Realm.framework",
				"${BUILT_PRODUCTS_DIR}/RealmSwift/RealmSwift.framework",
				"${BUILT_PRODUCTS_DIR}/Nimble/Nimble.framework",
				"${BUILT_PRODUCTS_DIR}/Quick/Quick.framework",
			);
			name = "[CP] Embed Pods Frameworks";
			outputPaths = (
				"${TARGET_BUILD_DIR}/${FRAMEWORKS_FOLDER_PATH}/Bolts.framework",
				"${TARGET_BUILD_DIR}/${FRAMEWORKS_FOLDER_PATH}/FBSDKCoreKit.framework",
				"${TARGET_BUILD_DIR}/${FRAMEWORKS_FOLDER_PATH}/FBSDKLoginKit.framework",
				"${TARGET_BUILD_DIR}/${FRAMEWORKS_FOLDER_PATH}/ObjectMapper.framework",
				"${TARGET_BUILD_DIR}/${FRAMEWORKS_FOLDER_PATH}/PromiseKit.framework",
				"${TARGET_BUILD_DIR}/${FRAMEWORKS_FOLDER_PATH}/Realm.framework",
				"${TARGET_BUILD_DIR}/${FRAMEWORKS_FOLDER_PATH}/RealmSwift.framework",
				"${TARGET_BUILD_DIR}/${FRAMEWORKS_FOLDER_PATH}/Nimble.framework",
				"${TARGET_BUILD_DIR}/${FRAMEWORKS_FOLDER_PATH}/Quick.framework",
			);
			runOnlyForDeploymentPostprocessing = 0;
			shellPath = /bin/sh;
			shellScript = "\"${SRCROOT}/Pods/Target Support Files/Pods-FriendsInFaceBookUITests/Pods-FriendsInFaceBookUITests-frameworks.sh\"\n";
			showEnvVarsInLog = 0;
		};
		D9BD4CBC697644D05E2ACD1C /* [CP] Check Pods Manifest.lock */ = {
			isa = PBXShellScriptBuildPhase;
			buildActionMask = 2147483647;
			files = (
			);
			inputPaths = (
				"${PODS_PODFILE_DIR_PATH}/Podfile.lock",
				"${PODS_ROOT}/Manifest.lock",
			);
			name = "[CP] Check Pods Manifest.lock";
			outputPaths = (
				"$(DERIVED_FILE_DIR)/Pods-FriendsInFaceBook-checkManifestLockResult.txt",
			);
			runOnlyForDeploymentPostprocessing = 0;
			shellPath = /bin/sh;
			shellScript = "diff \"${PODS_PODFILE_DIR_PATH}/Podfile.lock\" \"${PODS_ROOT}/Manifest.lock\" > /dev/null\nif [ $? != 0 ] ; then\n    # print error to STDERR\n    echo \"error: The sandbox is not in sync with the Podfile.lock. Run 'pod install' or update your CocoaPods installation.\" >&2\n    exit 1\nfi\n# This output is used by Xcode 'outputs' to avoid re-running this script phase.\necho \"SUCCESS\" > \"${SCRIPT_OUTPUT_FILE_0}\"\n";
			showEnvVarsInLog = 0;
		};
/* End PBXShellScriptBuildPhase section */

/* Begin PBXSourcesBuildPhase section */
		75CF4AA91FD49DF4009AE207 /* Sources */ = {
			isa = PBXSourcesBuildPhase;
			buildActionMask = 2147483647;
			files = (
				75CF4AB01FD49DF4009AE207 /* FriendsInFaceBookUITests.swift in Sources */,
			);
			runOnlyForDeploymentPostprocessing = 0;
		};
		75CFFC611FCC724300D99385 /* Sources */ = {
			isa = PBXSourcesBuildPhase;
			buildActionMask = 2147483647;
			files = (
				D7AAF22C1FEA7E1D001E0C3B /* ImageView.swift in Sources */,
				752FFAAF1FCDC8E500ACA938 /* ListOfFriendsTableViewController.swift in Sources */,
				D79BC2AF1FE2799E00F0DD87 /* ImageLoadService.swift in Sources */,
				75449BFF1FD59FA500CCDB9F /* MockSocialService.swift in Sources */,
				752FFAB31FCDEDB000ACA938 /* User.swift in Sources */,
				D7AAF2281FEA7070001E0C3B /* LoadedImageModelTask.swift in Sources */,
				D79BC2B41FE27E5A00F0DD87 /* NetworkService.swift in Sources */,
				75E0B9D71FDAB8AA00F0325D /* ImageDownloadServiceImpl.swift in Sources */,
				D70103571FD73B84002D0E6C /* Functions.swift in Sources */,
				D79BC2B61FE27F7500F0DD87 /* NetworkServiceImpl.swift in Sources */,
				D70103551FD727CB002D0E6C /* Optional+Extensions.swift in Sources */,
				D7AAF2371FEA8E6B001E0C3B /* Operators.swift in Sources */,
				D7AAF2241FEA6C8D001E0C3B /* ImageModelImpl.swift in Sources */,
				D7AAF2311FEA861C001E0C3B /* Reusable.swift in Sources */,
				7540782C1FD1AF1900A6E01C /* FacebookSocialService.swift in Sources */,
				75D292A71FD426110032F9BD /* Friends.swift in Sources */,
				752FFAB11FCDE98C00ACA938 /* UserCell.swift in Sources */,
				75CFFC6B1FCC724300D99385 /* LoginViewController.swift in Sources */,
				D7AAF2221FEA6C67001E0C3B /* ImageModel.swift in Sources */,
				D7AAF2331FEA8A5C001E0C3B /* Result.swift in Sources */,
				D7AAF22A1FEA7218001E0C3B /* NSLocking+Extensions.swift in Sources */,
				75449BFD1FD59ECE00CCDB9F /* SocialService.swift in Sources */,
				7508DFD11FD4760C00A62241 /* ServiceForData.swift in Sources */,
				D7AAF22F1FEA8377001E0C3B /* Tuple.swift in Sources */,
				75CFFC691FCC724300D99385 /* AppDelegate.swift in Sources */,
				7569165B1FD6A75800808890 /* LoginView.swift in Sources */,
				75D292A91FD450D70032F9BD /* Constants.swift in Sources */,
				D79BC2B11FE27A6900F0DD87 /* NetworkTask.swift in Sources */,
				D7AAF2351FEA8E58001E0C3B /* PrecedenceGroups.swift in Sources */,
				D79BC2B91FE2845A00F0DD87 /* CancellableProperty.swift in Sources */,
			);
			runOnlyForDeploymentPostprocessing = 0;
		};
		75CFFC781FCC724300D99385 /* Sources */ = {
			isa = PBXSourcesBuildPhase;
			buildActionMask = 2147483647;
			files = (
				D7B523221FF6BBB3004FBB32 /* ResultMatchers.swift in Sources */,
				D7F56A261FF6B2470027A00F /* FriendsInFaceBookSpec.swift in Sources */,
				D7B5231F1FF6B6DB004FBB32 /* ResultSpec.swift in Sources */,
			);
			runOnlyForDeploymentPostprocessing = 0;
		};
/* End PBXSourcesBuildPhase section */

/* Begin PBXTargetDependency section */
		75CF4AB31FD49DF4009AE207 /* PBXTargetDependency */ = {
			isa = PBXTargetDependency;
			target = 75CFFC641FCC724300D99385 /* FriendsInFaceBook */;
			targetProxy = 75CF4AB21FD49DF4009AE207 /* PBXContainerItemProxy */;
		};
		75CFFC7E1FCC724300D99385 /* PBXTargetDependency */ = {
			isa = PBXTargetDependency;
			target = 75CFFC641FCC724300D99385 /* FriendsInFaceBook */;
			targetProxy = 75CFFC7D1FCC724300D99385 /* PBXContainerItemProxy */;
		};
/* End PBXTargetDependency section */

/* Begin PBXVariantGroup section */
		75CFFC6C1FCC724300D99385 /* Main.storyboard */ = {
			isa = PBXVariantGroup;
			children = (
				75CFFC6D1FCC724300D99385 /* Base */,
			);
			name = Main.storyboard;
			sourceTree = "<group>";
		};
		75CFFC741FCC724300D99385 /* LaunchScreen.storyboard */ = {
			isa = PBXVariantGroup;
			children = (
				75CFFC751FCC724300D99385 /* Base */,
			);
			name = LaunchScreen.storyboard;
			sourceTree = "<group>";
		};
/* End PBXVariantGroup section */

/* Begin XCBuildConfiguration section */
		75BEBB901FD6043100ADE937 /* Tests */ = {
			isa = XCBuildConfiguration;
			buildSettings = {
				ALWAYS_SEARCH_USER_PATHS = NO;
				CLANG_ANALYZER_NONNULL = YES;
				CLANG_ANALYZER_NUMBER_OBJECT_CONVERSION = YES_AGGRESSIVE;
				CLANG_CXX_LANGUAGE_STANDARD = "gnu++14";
				CLANG_CXX_LIBRARY = "libc++";
				CLANG_ENABLE_MODULES = YES;
				CLANG_ENABLE_OBJC_ARC = YES;
				CLANG_WARN_BLOCK_CAPTURE_AUTORELEASING = YES;
				CLANG_WARN_BOOL_CONVERSION = YES;
				CLANG_WARN_COMMA = YES;
				CLANG_WARN_CONSTANT_CONVERSION = YES;
				CLANG_WARN_DIRECT_OBJC_ISA_USAGE = YES_ERROR;
				CLANG_WARN_DOCUMENTATION_COMMENTS = YES;
				CLANG_WARN_EMPTY_BODY = YES;
				CLANG_WARN_ENUM_CONVERSION = YES;
				CLANG_WARN_INFINITE_RECURSION = YES;
				CLANG_WARN_INT_CONVERSION = YES;
				CLANG_WARN_NON_LITERAL_NULL_CONVERSION = YES;
				CLANG_WARN_OBJC_LITERAL_CONVERSION = YES;
				CLANG_WARN_OBJC_ROOT_CLASS = YES_ERROR;
				CLANG_WARN_RANGE_LOOP_ANALYSIS = YES;
				CLANG_WARN_STRICT_PROTOTYPES = YES;
				CLANG_WARN_SUSPICIOUS_MOVE = YES;
				CLANG_WARN_UNGUARDED_AVAILABILITY = YES_AGGRESSIVE;
				CLANG_WARN_UNREACHABLE_CODE = YES;
				CLANG_WARN__DUPLICATE_METHOD_MATCH = YES;
				CODE_SIGN_IDENTITY = "iPhone Developer";
				COPY_PHASE_STRIP = NO;
				DEBUG_INFORMATION_FORMAT = dwarf;
				ENABLE_STRICT_OBJC_MSGSEND = YES;
				ENABLE_TESTABILITY = YES;
				GCC_C_LANGUAGE_STANDARD = gnu11;
				GCC_DYNAMIC_NO_PIC = NO;
				GCC_NO_COMMON_BLOCKS = YES;
				GCC_OPTIMIZATION_LEVEL = 0;
				GCC_PREPROCESSOR_DEFINITIONS = (
					"DEBUG=1",
					"$(inherited)",
				);
				GCC_WARN_64_TO_32_BIT_CONVERSION = YES;
				GCC_WARN_ABOUT_RETURN_TYPE = YES_ERROR;
				GCC_WARN_UNDECLARED_SELECTOR = YES;
				GCC_WARN_UNINITIALIZED_AUTOS = YES_AGGRESSIVE;
				GCC_WARN_UNUSED_FUNCTION = YES;
				GCC_WARN_UNUSED_VARIABLE = YES;
				IPHONEOS_DEPLOYMENT_TARGET = 11.0;
				MTL_ENABLE_DEBUG_INFO = YES;
				ONLY_ACTIVE_ARCH = YES;
				SDKROOT = iphoneos;
				SWIFT_ACTIVE_COMPILATION_CONDITIONS = DEBUG;
				SWIFT_OPTIMIZATION_LEVEL = "-Onone";
			};
			name = Tests;
		};
		75BEBB911FD6043100ADE937 /* Tests */ = {
			isa = XCBuildConfiguration;
			baseConfigurationReference = E5FE25772037D324AAA5D0AF /* Pods-FriendsInFaceBook.tests.xcconfig */;
			buildSettings = {
				ALWAYS_EMBED_SWIFT_STANDARD_LIBRARIES = "$(inherited)";
				ASSETCATALOG_COMPILER_APPICON_NAME = AppIcon;
				CLANG_ALLOW_NON_MODULAR_INCLUDES_IN_FRAMEWORK_MODULES = YES;
				CLANG_WARN_OBJC_MISSING_PROPERTY_SYNTHESIS = NO;
				CODE_SIGN_STYLE = Automatic;
				DEVELOPMENT_TEAM = "";
				FRAMEWORK_SEARCH_PATHS = (
					"$(PROJECT_DIR)/Carthage/Build/iOS",
					"$(inherited)",
					"$(PROJECT_DIR)",
				);
				INFOPLIST_FILE = FriendsInFaceBook/Info.plist;
				LD_RUNPATH_SEARCH_PATHS = "$(inherited) @executable_path/Frameworks";
				PRODUCT_BUNDLE_IDENTIFIER = "-.FriendsInFaceBookv1";
				PRODUCT_NAME = "$(TARGET_NAME)";
				SWIFT_REFLECTION_METADATA_LEVEL = all;
				SWIFT_VERSION = 4.0;
				TARGETED_DEVICE_FAMILY = "1,2";
				TEST_HOST = "";
			};
			name = Tests;
		};
		75BEBB921FD6043100ADE937 /* Tests */ = {
			isa = XCBuildConfiguration;
			baseConfigurationReference = 20D56C12F58E1B53FAD60FC9 /* Pods-FriendsInFaceBookTests.tests.xcconfig */;
			buildSettings = {
				ALWAYS_EMBED_SWIFT_STANDARD_LIBRARIES = "$(inherited)";
				BUNDLE_LOADER = "$(TEST_HOST)";
				CLANG_ENABLE_MODULES = YES;
				CODE_SIGN_STYLE = Automatic;
				FRAMEWORK_SEARCH_PATHS = (
					"$(inherited)",
					"$(PROJECT_DIR)/Carthage/Build/iOS",
				);
				INFOPLIST_FILE = FriendsInFaceBookTests/Info.plist;
				LD_RUNPATH_SEARCH_PATHS = "$(inherited) @executable_path/Frameworks @loader_path/Frameworks";
				PRODUCT_BUNDLE_IDENTIFIER = "-.FriendsInFaceBookTests";
				PRODUCT_NAME = "$(TARGET_NAME)";
				SWIFT_OPTIMIZATION_LEVEL = "-Onone";
				SWIFT_VERSION = 4.0;
				TARGETED_DEVICE_FAMILY = "1,2";
				TEST_HOST = "$(BUILT_PRODUCTS_DIR)/FriendsInFaceBook.app/FriendsInFaceBook";
			};
			name = Tests;
		};
		75BEBB931FD6043100ADE937 /* Tests */ = {
			isa = XCBuildConfiguration;
			baseConfigurationReference = 9C9395B6D38AAC7F2E11E093 /* Pods-FriendsInFaceBookUITests.tests.xcconfig */;
			buildSettings = {
				ALWAYS_EMBED_SWIFT_STANDARD_LIBRARIES = "$(inherited)";
				CODE_SIGN_STYLE = Automatic;
				DEFINES_MODULE = YES;
				FRAMEWORK_SEARCH_PATHS = (
					"$(inherited)",
					"$(PROJECT_DIR)/Carthage/Build/iOS",
					"$(PROJECT_DIR)",
					"$(PROJECT_DIR)/Carthage/Build/iOS/FacebookSDK",
				);
				INFOPLIST_FILE = FriendsInFaceBookUITests/Info.plist;
				LD_RUNPATH_SEARCH_PATHS = "$(inherited) @executable_path/Frameworks @loader_path/Frameworks";
				PRODUCT_BUNDLE_IDENTIFIER = "-.FriendsInFaceBookUITests";
				PRODUCT_NAME = "$(TARGET_NAME)";
				SWIFT_VERSION = 4.0;
				TARGETED_DEVICE_FAMILY = "1,2";
				TEST_TARGET_NAME = FriendsInFaceBook;
			};
			name = Tests;
		};
		75CF4AB41FD49DF4009AE207 /* Debug */ = {
			isa = XCBuildConfiguration;
			baseConfigurationReference = 8683ED6F25628A6E1DC01F72 /* Pods-FriendsInFaceBookUITests.debug.xcconfig */;
			buildSettings = {
				ALWAYS_EMBED_SWIFT_STANDARD_LIBRARIES = "$(inherited)";
				CODE_SIGN_STYLE = Automatic;
				DEFINES_MODULE = YES;
				FRAMEWORK_SEARCH_PATHS = (
					"$(inherited)",
					"$(PROJECT_DIR)/Carthage/Build/iOS",
					"$(PROJECT_DIR)",
					"$(PROJECT_DIR)/Carthage/Build/iOS/FacebookSDK",
				);
				INFOPLIST_FILE = FriendsInFaceBookUITests/Info.plist;
				LD_RUNPATH_SEARCH_PATHS = "$(inherited) @executable_path/Frameworks @loader_path/Frameworks";
				PRODUCT_BUNDLE_IDENTIFIER = "-.FriendsInFaceBookUITests";
				PRODUCT_NAME = "$(TARGET_NAME)";
				SWIFT_VERSION = 4.0;
				TARGETED_DEVICE_FAMILY = "1,2";
				TEST_TARGET_NAME = FriendsInFaceBook;
			};
			name = Debug;
		};
		75CF4AB51FD49DF4009AE207 /* Release */ = {
			isa = XCBuildConfiguration;
			baseConfigurationReference = 36A7356983059FF22E368860 /* Pods-FriendsInFaceBookUITests.release.xcconfig */;
			buildSettings = {
				ALWAYS_EMBED_SWIFT_STANDARD_LIBRARIES = "$(inherited)";
				CODE_SIGN_STYLE = Automatic;
				DEFINES_MODULE = YES;
				FRAMEWORK_SEARCH_PATHS = (
					"$(inherited)",
					"$(PROJECT_DIR)/Carthage/Build/iOS",
					"$(PROJECT_DIR)",
					"$(PROJECT_DIR)/Carthage/Build/iOS/FacebookSDK",
				);
				INFOPLIST_FILE = FriendsInFaceBookUITests/Info.plist;
				LD_RUNPATH_SEARCH_PATHS = "$(inherited) @executable_path/Frameworks @loader_path/Frameworks";
				PRODUCT_BUNDLE_IDENTIFIER = "-.FriendsInFaceBookUITests";
				PRODUCT_NAME = "$(TARGET_NAME)";
				SWIFT_VERSION = 4.0;
				TARGETED_DEVICE_FAMILY = "1,2";
				TEST_TARGET_NAME = FriendsInFaceBook;
			};
			name = Release;
		};
		75CFFC831FCC724300D99385 /* Debug */ = {
			isa = XCBuildConfiguration;
			buildSettings = {
				ALWAYS_SEARCH_USER_PATHS = NO;
				CLANG_ANALYZER_NONNULL = YES;
				CLANG_ANALYZER_NUMBER_OBJECT_CONVERSION = YES_AGGRESSIVE;
				CLANG_CXX_LANGUAGE_STANDARD = "gnu++14";
				CLANG_CXX_LIBRARY = "libc++";
				CLANG_ENABLE_MODULES = YES;
				CLANG_ENABLE_OBJC_ARC = YES;
				CLANG_WARN_BLOCK_CAPTURE_AUTORELEASING = YES;
				CLANG_WARN_BOOL_CONVERSION = YES;
				CLANG_WARN_COMMA = YES;
				CLANG_WARN_CONSTANT_CONVERSION = YES;
				CLANG_WARN_DIRECT_OBJC_ISA_USAGE = YES_ERROR;
				CLANG_WARN_DOCUMENTATION_COMMENTS = YES;
				CLANG_WARN_EMPTY_BODY = YES;
				CLANG_WARN_ENUM_CONVERSION = YES;
				CLANG_WARN_INFINITE_RECURSION = YES;
				CLANG_WARN_INT_CONVERSION = YES;
				CLANG_WARN_NON_LITERAL_NULL_CONVERSION = YES;
				CLANG_WARN_OBJC_LITERAL_CONVERSION = YES;
				CLANG_WARN_OBJC_ROOT_CLASS = YES_ERROR;
				CLANG_WARN_RANGE_LOOP_ANALYSIS = YES;
				CLANG_WARN_STRICT_PROTOTYPES = YES;
				CLANG_WARN_SUSPICIOUS_MOVE = YES;
				CLANG_WARN_UNGUARDED_AVAILABILITY = YES_AGGRESSIVE;
				CLANG_WARN_UNREACHABLE_CODE = YES;
				CLANG_WARN__DUPLICATE_METHOD_MATCH = YES;
				CODE_SIGN_IDENTITY = "iPhone Developer";
				COPY_PHASE_STRIP = NO;
				DEBUG_INFORMATION_FORMAT = dwarf;
				ENABLE_STRICT_OBJC_MSGSEND = YES;
				ENABLE_TESTABILITY = YES;
				GCC_C_LANGUAGE_STANDARD = gnu11;
				GCC_DYNAMIC_NO_PIC = NO;
				GCC_NO_COMMON_BLOCKS = YES;
				GCC_OPTIMIZATION_LEVEL = 0;
				GCC_PREPROCESSOR_DEFINITIONS = (
					"DEBUG=1",
					"$(inherited)",
				);
				GCC_WARN_64_TO_32_BIT_CONVERSION = YES;
				GCC_WARN_ABOUT_RETURN_TYPE = YES_ERROR;
				GCC_WARN_UNDECLARED_SELECTOR = YES;
				GCC_WARN_UNINITIALIZED_AUTOS = YES_AGGRESSIVE;
				GCC_WARN_UNUSED_FUNCTION = YES;
				GCC_WARN_UNUSED_VARIABLE = YES;
				IPHONEOS_DEPLOYMENT_TARGET = 11.0;
				MTL_ENABLE_DEBUG_INFO = YES;
				ONLY_ACTIVE_ARCH = YES;
				SDKROOT = iphoneos;
				SWIFT_ACTIVE_COMPILATION_CONDITIONS = DEBUG;
				SWIFT_OPTIMIZATION_LEVEL = "-Onone";
			};
			name = Debug;
		};
		75CFFC841FCC724300D99385 /* Release */ = {
			isa = XCBuildConfiguration;
			buildSettings = {
				ALWAYS_SEARCH_USER_PATHS = NO;
				CLANG_ANALYZER_NONNULL = YES;
				CLANG_ANALYZER_NUMBER_OBJECT_CONVERSION = YES_AGGRESSIVE;
				CLANG_CXX_LANGUAGE_STANDARD = "gnu++14";
				CLANG_CXX_LIBRARY = "libc++";
				CLANG_ENABLE_MODULES = YES;
				CLANG_ENABLE_OBJC_ARC = YES;
				CLANG_WARN_BLOCK_CAPTURE_AUTORELEASING = YES;
				CLANG_WARN_BOOL_CONVERSION = YES;
				CLANG_WARN_COMMA = YES;
				CLANG_WARN_CONSTANT_CONVERSION = YES;
				CLANG_WARN_DIRECT_OBJC_ISA_USAGE = YES_ERROR;
				CLANG_WARN_DOCUMENTATION_COMMENTS = YES;
				CLANG_WARN_EMPTY_BODY = YES;
				CLANG_WARN_ENUM_CONVERSION = YES;
				CLANG_WARN_INFINITE_RECURSION = YES;
				CLANG_WARN_INT_CONVERSION = YES;
				CLANG_WARN_NON_LITERAL_NULL_CONVERSION = YES;
				CLANG_WARN_OBJC_LITERAL_CONVERSION = YES;
				CLANG_WARN_OBJC_ROOT_CLASS = YES_ERROR;
				CLANG_WARN_RANGE_LOOP_ANALYSIS = YES;
				CLANG_WARN_STRICT_PROTOTYPES = YES;
				CLANG_WARN_SUSPICIOUS_MOVE = YES;
				CLANG_WARN_UNGUARDED_AVAILABILITY = YES_AGGRESSIVE;
				CLANG_WARN_UNREACHABLE_CODE = YES;
				CLANG_WARN__DUPLICATE_METHOD_MATCH = YES;
				CODE_SIGN_IDENTITY = "iPhone Developer";
				COPY_PHASE_STRIP = NO;
				DEBUG_INFORMATION_FORMAT = "dwarf-with-dsym";
				ENABLE_NS_ASSERTIONS = NO;
				ENABLE_STRICT_OBJC_MSGSEND = YES;
				GCC_C_LANGUAGE_STANDARD = gnu11;
				GCC_NO_COMMON_BLOCKS = YES;
				GCC_WARN_64_TO_32_BIT_CONVERSION = YES;
				GCC_WARN_ABOUT_RETURN_TYPE = YES_ERROR;
				GCC_WARN_UNDECLARED_SELECTOR = YES;
				GCC_WARN_UNINITIALIZED_AUTOS = YES_AGGRESSIVE;
				GCC_WARN_UNUSED_FUNCTION = YES;
				GCC_WARN_UNUSED_VARIABLE = YES;
				IPHONEOS_DEPLOYMENT_TARGET = 11.0;
				MTL_ENABLE_DEBUG_INFO = NO;
				SDKROOT = iphoneos;
				SWIFT_ACTIVE_COMPILATION_CONDITIONS = RELEASE;
				SWIFT_OPTIMIZATION_LEVEL = "-Owholemodule";
				VALIDATE_PRODUCT = YES;
			};
			name = Release;
		};
		75CFFC861FCC724300D99385 /* Debug */ = {
			isa = XCBuildConfiguration;
			baseConfigurationReference = EBEB17416ADCEBEEA8B08001 /* Pods-FriendsInFaceBook.debug.xcconfig */;
			buildSettings = {
				ALWAYS_EMBED_SWIFT_STANDARD_LIBRARIES = "$(inherited)";
				ASSETCATALOG_COMPILER_APPICON_NAME = AppIcon;
				CLANG_ALLOW_NON_MODULAR_INCLUDES_IN_FRAMEWORK_MODULES = YES;
				CLANG_WARN_OBJC_MISSING_PROPERTY_SYNTHESIS = NO;
				CODE_SIGN_STYLE = Automatic;
				DEVELOPMENT_TEAM = "";
				FRAMEWORK_SEARCH_PATHS = (
					"$(PROJECT_DIR)/Carthage/Build/iOS",
					"$(inherited)",
					"$(PROJECT_DIR)",
				);
				INFOPLIST_FILE = FriendsInFaceBook/Info.plist;
				LD_RUNPATH_SEARCH_PATHS = "$(inherited) @executable_path/Frameworks";
				PRODUCT_BUNDLE_IDENTIFIER = "-.FriendsInFaceBookv1";
				PRODUCT_NAME = "$(TARGET_NAME)";
				SWIFT_REFLECTION_METADATA_LEVEL = all;
				SWIFT_VERSION = 4.0;
				TARGETED_DEVICE_FAMILY = "1,2";
				TEST_HOST = "";
			};
			name = Debug;
		};
		75CFFC871FCC724300D99385 /* Release */ = {
			isa = XCBuildConfiguration;
			baseConfigurationReference = B830D96C057C55D043C281A4 /* Pods-FriendsInFaceBook.release.xcconfig */;
			buildSettings = {
				ALWAYS_EMBED_SWIFT_STANDARD_LIBRARIES = "$(inherited)";
				ASSETCATALOG_COMPILER_APPICON_NAME = AppIcon;
				CLANG_ALLOW_NON_MODULAR_INCLUDES_IN_FRAMEWORK_MODULES = YES;
				CLANG_WARN_OBJC_MISSING_PROPERTY_SYNTHESIS = NO;
				CODE_SIGN_STYLE = Automatic;
				DEVELOPMENT_TEAM = "";
				FRAMEWORK_SEARCH_PATHS = (
					"$(PROJECT_DIR)/Carthage/Build/iOS",
					"$(inherited)",
					"$(PROJECT_DIR)",
				);
				INFOPLIST_FILE = FriendsInFaceBook/Info.plist;
				LD_RUNPATH_SEARCH_PATHS = "$(inherited) @executable_path/Frameworks";
				PRODUCT_BUNDLE_IDENTIFIER = "-.FriendsInFaceBookv1";
				PRODUCT_NAME = "$(TARGET_NAME)";
				SWIFT_REFLECTION_METADATA_LEVEL = all;
				SWIFT_VERSION = 4.0;
				TARGETED_DEVICE_FAMILY = "1,2";
				TEST_HOST = "";
			};
			name = Release;
		};
		75CFFC891FCC724300D99385 /* Debug */ = {
			isa = XCBuildConfiguration;
			baseConfigurationReference = AE8518735529BC33C942DDEF /* Pods-FriendsInFaceBookTests.debug.xcconfig */;
			buildSettings = {
				ALWAYS_EMBED_SWIFT_STANDARD_LIBRARIES = "$(inherited)";
				BUNDLE_LOADER = "$(TEST_HOST)";
				CLANG_ENABLE_MODULES = YES;
				CODE_SIGN_STYLE = Automatic;
				FRAMEWORK_SEARCH_PATHS = (
					"$(inherited)",
					"$(PROJECT_DIR)/Carthage/Build/iOS",
				);
				INFOPLIST_FILE = FriendsInFaceBookTests/Info.plist;
				LD_RUNPATH_SEARCH_PATHS = "$(inherited) @executable_path/Frameworks @loader_path/Frameworks";
				PRODUCT_BUNDLE_IDENTIFIER = "-.FriendsInFaceBookTests";
				PRODUCT_NAME = "$(TARGET_NAME)";
				SWIFT_OPTIMIZATION_LEVEL = "-Onone";
				SWIFT_VERSION = 4.0;
				TARGETED_DEVICE_FAMILY = "1,2";
				TEST_HOST = "$(BUILT_PRODUCTS_DIR)/FriendsInFaceBook.app/FriendsInFaceBook";
			};
			name = Debug;
		};
		75CFFC8A1FCC724300D99385 /* Release */ = {
			isa = XCBuildConfiguration;
			baseConfigurationReference = 7252D9723766B1FA3CF9A971 /* Pods-FriendsInFaceBookTests.release.xcconfig */;
			buildSettings = {
				ALWAYS_EMBED_SWIFT_STANDARD_LIBRARIES = "$(inherited)";
				BUNDLE_LOADER = "$(TEST_HOST)";
				CLANG_ENABLE_MODULES = YES;
				CODE_SIGN_STYLE = Automatic;
				FRAMEWORK_SEARCH_PATHS = (
					"$(inherited)",
					"$(PROJECT_DIR)/Carthage/Build/iOS",
				);
				INFOPLIST_FILE = FriendsInFaceBookTests/Info.plist;
				LD_RUNPATH_SEARCH_PATHS = "$(inherited) @executable_path/Frameworks @loader_path/Frameworks";
				PRODUCT_BUNDLE_IDENTIFIER = "-.FriendsInFaceBookTests";
				PRODUCT_NAME = "$(TARGET_NAME)";
				SWIFT_VERSION = 4.0;
				TARGETED_DEVICE_FAMILY = "1,2";
				TEST_HOST = "$(BUILT_PRODUCTS_DIR)/FriendsInFaceBook.app/FriendsInFaceBook";
			};
			name = Release;
		};
/* End XCBuildConfiguration section */

/* Begin XCConfigurationList section */
		75CF4AB61FD49DF4009AE207 /* Build configuration list for PBXNativeTarget "FriendsInFaceBookUITests" */ = {
			isa = XCConfigurationList;
			buildConfigurations = (
				75CF4AB41FD49DF4009AE207 /* Debug */,
				75BEBB931FD6043100ADE937 /* Tests */,
				75CF4AB51FD49DF4009AE207 /* Release */,
			);
			defaultConfigurationIsVisible = 0;
			defaultConfigurationName = Release;
		};
		75CFFC601FCC724300D99385 /* Build configuration list for PBXProject "FriendsInFaceBook" */ = {
			isa = XCConfigurationList;
			buildConfigurations = (
				75CFFC831FCC724300D99385 /* Debug */,
				75BEBB901FD6043100ADE937 /* Tests */,
				75CFFC841FCC724300D99385 /* Release */,
			);
			defaultConfigurationIsVisible = 0;
			defaultConfigurationName = Release;
		};
		75CFFC851FCC724300D99385 /* Build configuration list for PBXNativeTarget "FriendsInFaceBook" */ = {
			isa = XCConfigurationList;
			buildConfigurations = (
				75CFFC861FCC724300D99385 /* Debug */,
				75BEBB911FD6043100ADE937 /* Tests */,
				75CFFC871FCC724300D99385 /* Release */,
			);
			defaultConfigurationIsVisible = 0;
			defaultConfigurationName = Release;
		};
		75CFFC881FCC724300D99385 /* Build configuration list for PBXNativeTarget "FriendsInFaceBookTests" */ = {
			isa = XCConfigurationList;
			buildConfigurations = (
				75CFFC891FCC724300D99385 /* Debug */,
				75BEBB921FD6043100ADE937 /* Tests */,
				75CFFC8A1FCC724300D99385 /* Release */,
			);
			defaultConfigurationIsVisible = 0;
			defaultConfigurationName = Release;
		};
/* End XCConfigurationList section */
	};
	rootObject = 75CFFC5D1FCC724300D99385 /* Project object */;
}
